{
  "name": "keycloak_flutter",
  "version": "1.0.0",
  "lockfileVersion": 1,
  "requires": true,
  "dependencies": {
    "base64-js": {
      "version": "1.5.1",
      "resolved": "https://registry.npmjs.org/base64-js/-/base64-js-1.5.1.tgz",
      "integrity": "sha512-AKpaYlHn8t4SVbOHCy+b5+KKgvR4vrsD8vbvrbiQJps7fKDTkjkDry6ji0rUJjC0kzbNePLwzxq8iypo41qeWA=="
    },
    "js-sha256": {
      "version": "0.9.0",
      "resolved": "https://registry.npmjs.org/js-sha256/-/js-sha256-0.9.0.tgz",
      "integrity": "sha512-sga3MHh9sgQN2+pJ9VYZ+1LPwXOxuBJBA5nrR5/ofPfuiJBE2hnjsaN8se8JznOmGLN2p49Pe5U/ttafcs/apA=="
    },
    "keycloak-angular": {
      "version": "12.0.0",
      "resolved": "https://registry.npmjs.org/keycloak-angular/-/keycloak-angular-12.0.0.tgz",
      "integrity": "sha512-mFCbTgvBZoGtq5Jg4FA67y11pUAQVJbeKcYAykE8LIlp3I2+bNSfOIRYbjEwFcyj3vBORsDMNfbKfsExjMxn5g==",
      "requires": {
        "tslib": "^2.3.0"
      }
    },
    "keycloak-js": {
      "version": "19.0.1",
      "resolved": "https://registry.npmjs.org/keycloak-js/-/keycloak-js-19.0.1.tgz",
      "integrity": "sha512-/GNJcgCb4OsMW+pI2EEQU8PWd4tkXCABqLHkVHbfU+r7XaU9E+zFkD960TItIEarCR0JP6iD8fhKchgxkV+W8w==",
      "requires": {
        "base64-js": "^1.5.1",
        "js-sha256": "^0.9.0"
      }
    },
    "tslib": {
      "version": "2.4.0",
      "resolved": "https://registry.npmjs.org/tslib/-/tslib-2.4.0.tgz",
      "integrity": "sha512-d6xOpEDfsi2CZVlPQzGeux8XMwLT9hssAsaPYExaQMuYskwb+x1x7J371tWlbBdWHroy99KnVB6qIkUbs5X3UQ=="
    }
  }
}
